{
  "name": "@fullcalendar/google-calendar",
  "version": "6.1.1",
  "lockfileVersion": 2,
  "requires": true,
  "packages": {
    "": {
      "name": "@fullcalendar/google-calendar",
      "version": "6.1.1",
      "devDependencies": {
        "@fullcalendar/core": "~6.1.1",
        "@fullcalendar/standard-scripts": "*"
      },
      "peerDependencies": {
        "@fullcalendar/core": "~6.1.1"
      }
    },
    "node_modules/@fullcalendar/core": {
      "version": "6.1.1",
      "resolved": "https://registry.npmjs.org/@fullcalendar/core/-/core-6.1.1.tgz",
      "integrity": "sha512-im5Dbgi/d7Q8DEUFuLaInL/TG+CrRH+zePq58LrKyFFoJKkx2CP+OS29ijVBnUiGyzCWtZ9lMIzLmWDzIMnJ0A==",
      "dev": true,
      "dependencies": {
        "preact": "^10.0.5"
      }
    },
    "node_modules/@fullcalendar/standard-scripts": {
      "version": "0.0.0",
      "resolved": "https://registry.npmjs.org/@fullcalendar/standard-scripts/-/standard-scripts-0.0.0.tgz",
      "integrity": "sha512-vXE/ZYb/7ZhMgWLjfGa/mxUZ/VZlzYTy/AKlOpVk8CK0J7iZyoe6mzp4WJfzSKpk39HkNbeIPaKjTxEt2jlzHw==",
      "dev": true
    },
    "node_modules/preact": {
      "version": "10.12.0",
      "resolved": "https://registry.npmjs.org/preact/-/preact-10.12.0.tgz",
      "integrity": "sha512-+w8ix+huD8CNZemheC53IPjMUFk921i02o30u0K6h53spMX41y/QhVDnG/nU2k42/69tvqWmVsgNLIiwRAcmxg==",
      "dev": true,
      "funding": {
        "type": "opencollective",
        "url": "https://opencollective.com/preact"
      }
    }
  },
  "dependencies": {
    "@fullcalendar/core": {
      "version": "6.1.1",
      "resolved": "https://registry.npmjs.org/@fullcalendar/core/-/core-6.1.1.tgz",
      "integrity": "sha512-im5Dbgi/d7Q8DEUFuLaInL/TG+CrRH+zePq58LrKyFFoJKkx2CP+OS29ijVBnUiGyzCWtZ9lMIzLmWDzIMnJ0A==",
      "dev": true,
      "requires": {
        "preact": "^10.0.5"
      }
    },
    "@fullcalendar/standard-scripts": {
      "version": "0.0.0",
      "resolved": "https://registry.npmjs.org/@fullcalendar/standard-scripts/-/standard-scripts-0.0.0.tgz",
      "integrity": "sha512-vXE/ZYb/7ZhMgWLjfGa/mxUZ/VZlzYTy/AKlOpVk8CK0J7iZyoe6mzp4WJfzSKpk39HkNbeIPaKjTxEt2jlzHw==",
      "dev": true
    },
    "preact": {
      "version": "10.12.0",
      "resolved": "https://registry.npmjs.org/preact/-/preact-10.12.0.tgz",
      "integrity": "sha512-+w8ix+huD8CNZemheC53IPjMUFk921i02o30u0K6h53spMX41y/QhVDnG/nU2k42/69tvqWmVsgNLIiwRAcmxg==",
      "dev": true
    }
  }
}
